// !$*UTF8*$!
{
	archiveVersion = 1;
	classes = {
	};
	objectVersion = 50;
	objects = {

/* Begin PBXBuildFile section */
		9E02704D260879430016AFFB /* TableViewCell.swift in Sources */ = {isa = PBXBuildFile; fileRef = 9E02704C260879430016AFFB /* TableViewCell.swift */; };
		9E19810A2608EEA700F6F0BB /* ViewControllerVM.swift in Sources */ = {isa = PBXBuildFile; fileRef = 9E1981092608EEA700F6F0BB /* ViewControllerVM.swift */; };
		9E245DF52604A3EF001E3689 /* AppDelegate.swift in Sources */ = {isa = PBXBuildFile; fileRef = 9E245DF42604A3EF001E3689 /* AppDelegate.swift */; };
		9E245DF72604A3EF001E3689 /* SceneDelegate.swift in Sources */ = {isa = PBXBuildFile; fileRef = 9E245DF62604A3EF001E3689 /* SceneDelegate.swift */; };
		9E245DF92604A3EF001E3689 /* ViewController.swift in Sources */ = {isa = PBXBuildFile; fileRef = 9E245DF82604A3EF001E3689 /* ViewController.swift */; };
		9E245DFC2604A3EF001E3689 /* Main.storyboard in Resources */ = {isa = PBXBuildFile; fileRef = 9E245DFA2604A3EF001E3689 /* Main.storyboard */; };
		9E245DFF2604A3EF001E3689 /* todoList.xcdatamodeld in Sources */ = {isa = PBXBuildFile; fileRef = 9E245DFD2604A3EF001E3689 /* todoList.xcdatamodeld */; };
		9E245E012604A3F0001E3689 /* Assets.xcassets in Resources */ = {isa = PBXBuildFile; fileRef = 9E245E002604A3F0001E3689 /* Assets.xcassets */; };
		9E245E042604A3F0001E3689 /* LaunchScreen.storyboard in Resources */ = {isa = PBXBuildFile; fileRef = 9E245E022604A3F0001E3689 /* LaunchScreen.storyboard */; };
/* End PBXBuildFile section */

/* Begin PBXFileReference section */
		9E02704C260879430016AFFB /* TableViewCell.swift */ = {isa = PBXFileReference; lastKnownFileType = sourcecode.swift; path = TableViewCell.swift; sourceTree = "<group>"; };
		9E1981092608EEA700F6F0BB /* ViewControllerVM.swift */ = {isa = PBXFileReference; lastKnownFileType = sourcecode.swift; path = ViewControllerVM.swift; sourceTree = "<group>"; };
		9E245DF12604A3EF001E3689 /* todoList.app */ = {isa = PBXFileReference; explicitFileType = wrapper.application; includeInIndex = 0; path = todoList.app; sourceTree = BUILT_PRODUCTS_DIR; };
		9E245DF42604A3EF001E3689 /* AppDelegate.swift */ = {isa = PBXFileReference; lastKnownFileType = sourcecode.swift; path = AppDelegate.swift; sourceTree = "<group>"; };
		9E245DF62604A3EF001E3689 /* SceneDelegate.swift */ = {isa = PBXFileReference; lastKnownFileType = sourcecode.swift; path = SceneDelegate.swift; sourceTree = "<group>"; };
		9E245DF82604A3EF001E3689 /* ViewController.swift */ = {isa = PBXFileReference; lastKnownFileType = sourcecode.swift; path = ViewController.swift; sourceTree = "<group>"; };
		9E245DFB2604A3EF001E3689 /* Base */ = {isa = PBXFileReference; lastKnownFileType = file.storyboard; name = Base; path = Base.lproj/Main.storyboard; sourceTree = "<group>"; };
		9E245DFE2604A3EF001E3689 /* todoList.xcdatamodel */ = {isa = PBXFileReference; lastKnownFileType = wrapper.xcdatamodel; path = todoList.xcdatamodel; sourceTree = "<group>"; };
		9E245E002604A3F0001E3689 /* Assets.xcassets */ = {isa = PBXFileReference; lastKnownFileType = folder.assetcatalog; path = Assets.xcassets; sourceTree = "<group>"; };
		9E245E032604A3F0001E3689 /* Base */ = {isa = PBXFileReference; lastKnownFileType = file.storyboard; name = Base; path = Base.lproj/LaunchScreen.storyboard; sourceTree = "<group>"; };
		9E245E052604A3F0001E3689 /* Info.plist */ = {isa = PBXFileReference; lastKnownFileType = text.plist.xml; path = Info.plist; sourceTree = "<group>"; };
/* End PBXFileReference section */

/* Begin PBXFrameworksBuildPhase section */
		9E245DEE2604A3EF001E3689 /* Frameworks */ = {
			isa = PBXFrameworksBuildPhase;
			buildActionMask = 2147483647;
			files = (
			);
			runOnlyForDeploymentPostprocessing = 0;
		};
/* End PBXFrameworksBuildPhase section */

/* Begin PBXGroup section */
		9E245DE82604A3EF001E3689 = {
			isa = PBXGroup;
			children = (
				9E245DF32604A3EF001E3689 /* todoList */,
				9E245DF22604A3EF001E3689 /* Products */,
			);
			sourceTree = "<group>";
		};
		9E245DF22604A3EF001E3689 /* Products */ = {
			isa = PBXGroup;
			children = (
				9E245DF12604A3EF001E3689 /* todoList.app */,
			);
			name = Products;
			sourceTree = "<group>";
		};
		9E245DF32604A3EF001E3689 /* todoList */ = {
			isa = PBXGroup;
			children = (
				9E245DF42604A3EF001E3689 /* AppDelegate.swift */,
				9E245DF62604A3EF001E3689 /* SceneDelegate.swift */,
				9E245DF82604A3EF001E3689 /* ViewController.swift */,
				9E1981092608EEA700F6F0BB /* ViewControllerVM.swift */,
				9E245DFA2604A3EF001E3689 /* Main.storyboard */,
				9E02704C260879430016AFFB /* TableViewCell.swift */,
				9E245E002604A3F0001E3689 /* Assets.xcassets */,
				9E245E022604A3F0001E3689 /* LaunchScreen.storyboard */,
				9E245E052604A3F0001E3689 /* Info.plist */,
				9E245DFD2604A3EF001E3689 /* todoList.xcdatamodeld */,
			);
			path = todoList;
			sourceTree = "<group>";
		};
/* End PBXGroup section */

/* Begin PBXNativeTarget section */
		9E245DF02604A3EF001E3689 /* todoList */ = {
			isa = PBXNativeTarget;
			buildConfigurationList = 9E245E082604A3F0001E3689 /* Build configuration list for PBXNativeTarget "todoList" */;
			buildPhases = (
				9E245DED2604A3EF001E3689 /* Sources */,
				9E245DEE2604A3EF001E3689 /* Frameworks */,
				9E245DEF2604A3EF001E3689 /* Resources */,
			);
			buildRules = (
			);
			dependencies = (
			);
			name = todoList;
			productName = todoList;
			productReference = 9E245DF12604A3EF001E3689 /* todoList.app */;
			productType = "com.apple.product-type.application";
		};
/* End PBXNativeTarget section */

/* Begin PBXProject section */
		9E245DE92604A3EF001E3689 /* Project object */ = {
			isa = PBXProject;
			attributes = {
				LastSwiftUpdateCheck = 1130;
				LastUpgradeCheck = 1130;
				ORGANIZATIONNAME = "Tonywilson Jesuraj";
				TargetAttributes = {
					9E245DF02604A3EF001E3689 = {
						CreatedOnToolsVersion = 11.3.1;
					};
				};
			};
			buildConfigurationList = 9E245DEC2604A3EF001E3689 /* Build configuration list for PBXProject "todoList" */;
			compatibilityVersion = "Xcode 9.3";
			developmentRegion = en;
			hasScannedForEncodings = 0;
			knownRegions = (
				en,
				Base,
			);
			mainGroup = 9E245DE82604A3EF001E3689;
			productRefGroup = 9E245DF22604A3EF001E3689 /* Products */;
			projectDirPath = "";
			projectRoot = "";
			targets = (
				9E245DF02604A3EF001E3689 /* todoList */,
			);
		};
/* End PBXProject section */

/* Begin PBXResourcesBuildPhase section */
		9E245DEF2604A3EF001E3689 /* Resources */ = {
			isa = PBXResourcesBuildPhase;
			buildActionMask = 2147483647;
			files = (
				9E245E042604A3F0001E3689 /* LaunchScreen.storyboard in Resources */,
				9E245E012604A3F0001E3689 /* Assets.xcassets in Resources */,
				9E245DFC2604A3EF001E3689 /* Main.storyboard in Resources */,
			);
			runOnlyForDeploymentPostprocessing = 0;
		};
/* End PBXResourcesBuildPhase section */

/* Begin PBXSourcesBuildPhase section */
		9E245DED2604A3EF001E3689 /* Sources */ = {
			isa = PBXSourcesBuildPhase;
			buildActionMask = 2147483647;
			files = (
				9E02704D260879430016AFFB /* TableViewCell.swift in Sources */,
				9E245DF92604A3EF001E3689 /* ViewController.swift in Sources */,
				9E245DF52604A3EF001E3689 /* AppDelegate.swift in Sources */,
				9E19810A2608EEA700F6F0BB /* ViewControllerVM.swift in Sources */,
				9E245DF72604A3EF001E3689 /* SceneDelegate.swift in Sources */,
				9E245DFF2604A3EF001E3689 /* todoList.xcdatamodeld in Sources */,
			);
			runOnlyForDeploymentPostprocessing = 0;
		};
/* End PBXSourcesBuildPhase section */

/* Begin PBXVariantGroup section */
		9E245DFA2604A3EF001E3689 /* Main.storyboard */ = {
			isa = PBXVariantGroup;
			children = (
				9E245DFB2604A3EF001E3689 /* Base */,
			);
			name = Main.storyboard;
			sourceTree = "<group>";
		};
		9E245E022604A3F0001E3689 /* LaunchScreen.storyboard */ = {
			isa = PBXVariantGroup;
			children = (
				9E245E032604A3F0001E3689 /* Base */,
			);
			name = LaunchScreen.storyboard;
			sourceTree = "<group>";
		};
/* End PBXVariantGroup section */

/* Begin XCBuildConfiguration section */
		9E245E062604A3F0001E3689 /* Debug */ = {
			isa = XCBuildConfiguration;
			buildSettings = {
				ALWAYS_SEARCH_USER_PATHS = NO;
				CLANG_ANALYZER_NONNULL = YES;
				CLANG_ANALYZER_NUMBER_OBJECT_CONVERSION = YES_AGGRESSIVE;
				CLANG_CXX_LANGUAGE_STANDARD = "gnu++14";
				CLANG_CXX_LIBRARY = "libc++";
				CLANG_ENABLE_MODULES = YES;
				CLANG_ENABLE_OBJC_ARC = YES;
				CLANG_ENABLE_OBJC_WEAK = YES;
				CLANG_WARN_BLOCK_CAPTURE_AUTORELEASING = YES;
				CLANG_WARN_BOOL_CONVERSION = YES;
				CLANG_WARN_COMMA = YES;
				CLANG_WARN_CONSTANT_CONVERSION = YES;
				CLANG_WARN_DEPRECATED_OBJC_IMPLEMENTATIONS = YES;
				CLANG_WARN_DIRECT_OBJC_ISA_USAGE = YES_ERROR;
				CLANG_WARN_DOCUMENTATION_COMMENTS = YES;
				CLANG_WARN_EMPTY_BODY = YES;
				CLANG_WARN_ENUM_CONVERSION = YES;
				CLANG_WARN_INFINITE_RECURSION = YES;
				CLANG_WARN_INT_CONVERSION = YES;
				CLANG_WARN_NON_LITERAL_NULL_CONVERSION = YES;
				CLANG_WARN_OBJC_IMPLICIT_RETAIN_SELF = YES;
				CLANG_WARN_OBJC_LITERAL_CONVERSION = YES;
				CLANG_WARN_OBJC_ROOT_CLASS = YES_ERROR;
				CLANG_WARN_RANGE_LOOP_ANALYSIS = YES;
				CLANG_WARN_STRICT_PROTOTYPES = YES;
				CLANG_WARN_SUSPICIOUS_MOVE = YES;
				CLANG_WARN_UNGUARDED_AVAILABILITY = YES_AGGRESSIVE;
				CLANG_WARN_UNREACHABLE_CODE = YES;
				CLANG_WARN__DUPLICATE_METHOD_MATCH = YES;
				COPY_PHASE_STRIP = NO;
				DEBUG_INFORMATION_FORMAT = dwarf;
				ENABLE_STRICT_OBJC_MSGSEND = YES;
				ENABLE_TESTABILITY = YES;
				GCC_C_LANGUAGE_STANDARD = gnu11;
				GCC_DYNAMIC_NO_PIC = NO;
				GCC_NO_COMMON_BLOCKS = YES;
				GCC_OPTIMIZATION_LEVEL = 0;
				GCC_PREPROCESSOR_DEFINITIONS = (
					"DEBUG=1",
					"$(inherited)",
				);
				GCC_WARN_64_TO_32_BIT_CONVERSION = YES;
				GCC_WARN_ABOUT_RETURN_TYPE = YES_ERROR;
				GCC_WARN_UNDECLARED_SELECTOR = YES;
				GCC_WARN_UNINITIALIZED_AUTOS = YES_AGGRESSIVE;
				GCC_WARN_UNUSED_FUNCTION = YES;
				GCC_WARN_UNUSED_VARIABLE = YES;
				IPHONEOS_DEPLOYMENT_TARGET = 13.2;
				MTL_ENABLE_DEBUG_INFO = INCLUDE_SOURCE;
				MTL_FAST_MATH = YES;
				ONLY_ACTIVE_ARCH = YES;
				SDKROOT = iphoneos;
				SWIFT_ACTIVE_COMPILATION_CONDITIONS = DEBUG;
				SWIFT_OPTIMIZATION_LEVEL = "-Onone";
			};
			name = Debug;
		};
		9E245E072604A3F0001E3689 /* Release */ = {
			isa = XCBuildConfiguration;
			buildSettings = {
				ALWAYS_SEARCH_USER_PATHS = NO;
				CLANG_ANALYZER_NONNULL = YES;
				CLANG_ANALYZER_NUMBER_OBJECT_CONVERSION = YES_AGGRESSIVE;
				CLANG_CXX_LANGUAGE_STANDARD = "gnu++14";
				CLANG_CXX_LIBRARY = "libc++";
				CLANG_ENABLE_MODULES = YES;
				CLANG_ENABLE_OBJC_ARC = YES;
				CLANG_ENABLE_OBJC_WEAK = YES;
				CLANG_WARN_BLOCK_CAPTURE_AUTORELEASING = YES;
				CLANG_WARN_BOOL_CONVERSION = YES;
				CLANG_WARN_COMMA = YES;
				CLANG_WARN_CONSTANT_CONVERSION = YES;
				CLANG_WARN_DEPRECATED_OBJC_IMPLEMENTATIONS = YES;
				CLANG_WARN_DIRECT_OBJC_ISA_USAGE = YES_ERROR;
				CLANG_WARN_DOCUMENTATION_COMMENTS = YES;
				CLANG_WARN_EMPTY_BODY = YES;
				CLANG_WARN_ENUM_CONVERSION = YES;
				CLANG_WARN_INFINITE_RECURSION = YES;
				CLANG_WARN_INT_CONVERSION = YES;
				CLANG_WARN_NON_LITERAL_NULL_CONVERSION = YES;
				CLANG_WARN_OBJC_IMPLICIT_RETAIN_SELF = YES;
				CLANG_WARN_OBJC_LITERAL_CONVERSION = YES;
				CLANG_WARN_OBJC_ROOT_CLASS = YES_ERROR;
				CLANG_WARN_RANGE_LOOP_ANALYSIS = YES;
				CLANG_WARN_STRICT_PROTOTYPES = YES;
				CLANG_WARN_SUSPICIOUS_MOVE = YES;
				CLANG_WARN_UNGUARDED_AVAILABILITY = YES_AGGRESSIVE;
				CLANG_WARN_UNREACHABLE_CODE = YES;
				CLANG_WARN__DUPLICATE_METHOD_MATCH = YES;
				COPY_PHASE_STRIP = NO;
				DEBUG_INFORMATION_FORMAT = "dwarf-with-dsym";
				ENABLE_NS_ASSERTIONS = NO;
				ENABLE_STRICT_OBJC_MSGSEND = YES;
				GCC_C_LANGUAGE_STANDARD = gnu11;
				GCC_NO_COMMON_BLOCKS = YES;
				GCC_WARN_64_TO_32_BIT_CONVERSION = YES;
				GCC_WARN_ABOUT_RETURN_TYPE = YES_ERROR;
				GCC_WARN_UNDECLARED_SELECTOR = YES;
				GCC_WARN_UNINITIALIZED_AUTOS = YES_AGGRESSIVE;
				GCC_WARN_UNUSED_FUNCTION = YES;
				GCC_WARN_UNUSED_VARIABLE = YES;
				IPHONEOS_DEPLOYMENT_TARGET = 13.2;
				MTL_ENABLE_DEBUG_INFO = NO;
				MTL_FAST_MATH = YES;
				SDKROOT = iphoneos;
				SWIFT_COMPILATION_MODE = wholemodule;
				SWIFT_OPTIMIZATION_LEVEL = "-O";
				VALIDATE_PRODUCT = YES;
			};
			name = Release;
		};
		9E245E092604A3F0001E3689 /* Debug */ = {
			isa = XCBuildConfiguration;
			buildSettings = {
				ASSETCATALOG_COMPILER_APPICON_NAME = AppIcon;
				CODE_SIGN_STYLE = Automatic;
				INFOPLIST_FILE = todoList/Info.plist;
				LD_RUNPATH_SEARCH_PATHS = (
					"$(inherited)",
					"@executable_path/Frameworks",
				);
				PRODUCT_BUNDLE_IDENTIFIER = tj.todoList;
				PRODUCT_NAME = "$(TARGET_NAME)";
				SWIFT_VERSION = 5.0;
				TARGETED_DEVICE_FAMILY = "1,2";
			};
			name = Debug;
		};
		9E245E0A2604A3F0001E3689 /* Release */ = {
			isa = XCBuildConfiguration;
			buildSettings = {
				ASSETCATALOG_COMPILER_APPICON_NAME = AppIcon;
				CODE_SIGN_STYLE = Automatic;
				INFOPLIST_FILE = todoList/Info.plist;
				LD_RUNPATH_SEARCH_PATHS = (
					"$(inherited)",
					"@executable_path/Frameworks",
				);
				PRODUCT_BUNDLE_IDENTIFIER = tj.todoList;
				PRODUCT_NAME = "$(TARGET_NAME)";
				SWIFT_VERSION = 5.0;
				TARGETED_DEVICE_FAMILY = "1,2";
			};
			name = Release;
		};
/* End XCBuildConfiguration section */

/* Begin XCConfigurationList section */
		9E245DEC2604A3EF001E3689 /* Build configuration list for PBXProject "todoList" */ = {
			isa = XCConfigurationList;
			buildConfigurations = (
				9E245E062604A3F0001E3689 /* Debug */,
				9E245E072604A3F0001E3689 /* Release */,
			);
			defaultConfigurationIsVisible = 0;
			defaultConfigurationName = Release;
		};
		9E245E082604A3F0001E3689 /* Build configuration list for PBXNativeTarget "todoList" */ = {
			isa = XCConfigurationList;
			buildConfigurations = (
				9E245E092604A3F0001E3689 /* Debug */,
				9E245E0A2604A3F0001E3689 /* Release */,
			);
			defaultConfigurationIsVisible = 0;
			defaultConfigurationName = Release;
		};
/* End XCConfigurationList section */

/* Begin XCVersionGroup section */
		9E245DFD2604A3EF001E3689 /* todoList.xcdatamodeld */ = {
			isa = XCVersionGroup;
			children = (
				9E245DFE2604A3EF001E3689 /* todoList.xcdatamodel */,
			);
			currentVersion = 9E245DFE2604A3EF001E3689 /* todoList.xcdatamodel */;
			path = todoList.xcdatamodeld;
			sourceTree = "<group>";
			versionGroupType = wrapper.xcdatamodel;
		};
/* End XCVersionGroup section */
	};
	rootObject = 9E245DE92604A3EF001E3689 /* Project object */;
}
